
Microsoft Visual Studio Solution File, Format Version 12.00
# Visual Studio 15
VisualStudioVersion = 15.0.26730.16
MinimumVisualStudioVersion = 10.0.40219.1
Project("{FAE04EC0-301F-11D3-BF4B-00C04F79EFBC}") = "GerenciadorAniversario", "GerenciadorAniversario\GerenciadorAniversario.csproj", "{FFC39B81-C2AC-4CF5-8CB4-313C2D121D62}"
EndProject
Global
	GlobalSection(SolutionConfigurationPlatforms) = preSolution
		Debug|Any CPU = Debug|Any CPU
		Release|Any CPU = Release|Any CPU
	EndGlobalSection
	GlobalSection(ProjectConfigurationPlatforms) = postSolution
		{FFC39B81-C2AC-4CF5-8CB4-313C2D121D62}.Debug|Any CPU.ActiveCfg = Debug|Any CPU
		{FFC39B81-C2AC-4CF5-8CB4-313C2D121D62}.Debug|Any CPU.Build.0 = Debug|Any CPU
		{FFC39B81-C2AC-4CF5-8CB4-313C2D121D62}.Release|Any CPU.ActiveCfg = Release|Any CPU
		{FFC39B81-C2AC-4CF5-8CB4-313C2D121D62}.Release|Any CPU.Build.0 = Release|Any CPU
	EndGlobalSection
	GlobalSection(SolutionProperties) = preSolution
		HideSolutionNode = FALSE
	EndGlobalSection
	GlobalSection(ExtensibilityGlobals) = postSolution
		SolutionGuid = {63896DE1-7512-46E6-867F-E805927A71F6}
	EndGlobalSection
EndGlobal
